
Microsoft Visual Studio Solution File, Format Version 12.00
# Visual Studio 15
VisualStudioVersion = 15.0.28307.705
MinimumVisualStudioVersion = 10.0.40219.1
Project("{FAE04EC0-301F-11D3-BF4B-00C04F79EFBC}") = "Prismfs.Android", "Prismfs\Prismfs.Android\Prismfs.Android.csproj", "{D25A537D-918E-4B20-816E-1BFF83CAC24C}"
EndProject
Project("{FAE04EC0-301F-11D3-BF4B-00C04F79EFBC}") = "Prismfs.iOS", "Prismfs\Prismfs.iOS\Prismfs.iOS.csproj", "{BBAB8C62-DBEF-43A2-869E-B70A8B0257BA}"
EndProject
Project("{FAE04EC0-301F-11D3-BF4B-00C04F79EFBC}") = "Prismfs", "Prismfs\Prismfs\Prismfs.csproj", "{824AB233-5947-473F-8FD6-A201F50DF8DB}"
EndProject
Global
	GlobalSection(SolutionConfigurationPlatforms) = preSolution
		Ad-Hoc|Any CPU = Ad-Hoc|Any CPU
		Ad-Hoc|iPhone = Ad-Hoc|iPhone
		Ad-Hoc|iPhoneSimulator = Ad-Hoc|iPhoneSimulator
		AppStore|Any CPU = AppStore|Any CPU
		AppStore|iPhone = AppStore|iPhone
		AppStore|iPhoneSimulator = AppStore|iPhoneSimulator
		Debug|Any CPU = Debug|Any CPU
		Debug|iPhone = Debug|iPhone
		Debug|iPhoneSimulator = Debug|iPhoneSimulator
		Release|Any CPU = Release|Any CPU
		Release|iPhone = Release|iPhone
		Release|iPhoneSimulator = Release|iPhoneSimulator
	EndGlobalSection
	GlobalSection(ProjectConfigurationPlatforms) = postSolution
		{D25A537D-918E-4B20-816E-1BFF83CAC24C}.Ad-Hoc|Any CPU.ActiveCfg = Release|Any CPU
		{D25A537D-918E-4B20-816E-1BFF83CAC24C}.Ad-Hoc|Any CPU.Build.0 = Release|Any CPU
		{D25A537D-918E-4B20-816E-1BFF83CAC24C}.Ad-Hoc|Any CPU.Deploy.0 = Release|Any CPU
		{D25A537D-918E-4B20-816E-1BFF83CAC24C}.Ad-Hoc|iPhone.ActiveCfg = Release|Any CPU
		{D25A537D-918E-4B20-816E-1BFF83CAC24C}.Ad-Hoc|iPhone.Build.0 = Release|Any CPU
		{D25A537D-918E-4B20-816E-1BFF83CAC24C}.Ad-Hoc|iPhone.Deploy.0 = Release|Any CPU
		{D25A537D-918E-4B20-816E-1BFF83CAC24C}.Ad-Hoc|iPhoneSimulator.ActiveCfg = Release|Any CPU
		{D25A537D-918E-4B20-816E-1BFF83CAC24C}.Ad-Hoc|iPhoneSimulator.Build.0 = Release|Any CPU
		{D25A537D-918E-4B20-816E-1BFF83CAC24C}.Ad-Hoc|iPhoneSimulator.Deploy.0 = Release|Any CPU
		{D25A537D-918E-4B20-816E-1BFF83CAC24C}.AppStore|Any CPU.ActiveCfg = Release|Any CPU
		{D25A537D-918E-4B20-816E-1BFF83CAC24C}.AppStore|Any CPU.Build.0 = Release|Any CPU
		{D25A537D-918E-4B20-816E-1BFF83CAC24C}.AppStore|Any CPU.Deploy.0 = Release|Any CPU
		{D25A537D-918E-4B20-816E-1BFF83CAC24C}.AppStore|iPhone.ActiveCfg = Release|Any CPU
		{D25A537D-918E-4B20-816E-1BFF83CAC24C}.AppStore|iPhone.Build.0 = Release|Any CPU
		{D25A537D-918E-4B20-816E-1BFF83CAC24C}.AppStore|iPhone.Deploy.0 = Release|Any CPU
		{D25A537D-918E-4B20-816E-1BFF83CAC24C}.AppStore|iPhoneSimulator.ActiveCfg = Release|Any CPU
		{D25A537D-918E-4B20-816E-1BFF83CAC24C}.AppStore|iPhoneSimulator.Build.0 = Release|Any CPU
		{D25A537D-918E-4B20-816E-1BFF83CAC24C}.AppStore|iPhoneSimulator.Deploy.0 = Release|Any CPU
		{D25A537D-918E-4B20-816E-1BFF83CAC24C}.Debug|Any CPU.ActiveCfg = Debug|Any CPU
		{D25A537D-918E-4B20-816E-1BFF83CAC24C}.Debug|Any CPU.Build.0 = Debug|Any CPU
		{D25A537D-918E-4B20-816E-1BFF83CAC24C}.Debug|Any CPU.Deploy.0 = Debug|Any CPU
		{D25A537D-918E-4B20-816E-1BFF83CAC24C}.Debug|iPhone.ActiveCfg = Debug|Any CPU
		{D25A537D-918E-4B20-816E-1BFF83CAC24C}.Debug|iPhone.Build.0 = Debug|Any CPU
		{D25A537D-918E-4B20-816E-1BFF83CAC24C}.Debug|iPhone.Deploy.0 = Debug|Any CPU
		{D25A537D-918E-4B20-816E-1BFF83CAC24C}.Debug|iPhoneSimulator.ActiveCfg = Debug|Any CPU
		{D25A537D-918E-4B20-816E-1BFF83CAC24C}.Debug|iPhoneSimulator.Build.0 = Debug|Any CPU
		{D25A537D-918E-4B20-816E-1BFF83CAC24C}.Debug|iPhoneSimulator.Deploy.0 = Debug|Any CPU
		{D25A537D-918E-4B20-816E-1BFF83CAC24C}.Release|Any CPU.ActiveCfg = Release|Any CPU
		{D25A537D-918E-4B20-816E-1BFF83CAC24C}.Release|Any CPU.Build.0 = Release|Any CPU
		{D25A537D-918E-4B20-816E-1BFF83CAC24C}.Release|Any CPU.Deploy.0 = Release|Any CPU
		{D25A537D-918E-4B20-816E-1BFF83CAC24C}.Release|iPhone.ActiveCfg = Release|Any CPU
		{D25A537D-918E-4B20-816E-1BFF83CAC24C}.Release|iPhone.Build.0 = Release|Any CPU
		{D25A537D-918E-4B20-816E-1BFF83CAC24C}.Release|iPhone.Deploy.0 = Release|Any CPU
		{D25A537D-918E-4B20-816E-1BFF83CAC24C}.Release|iPhoneSimulator.ActiveCfg = Release|Any CPU
		{D25A537D-918E-4B20-816E-1BFF83CAC24C}.Release|iPhoneSimulator.Build.0 = Release|Any CPU
		{D25A537D-918E-4B20-816E-1BFF83CAC24C}.Release|iPhoneSimulator.Deploy.0 = Release|Any CPU
		{BBAB8C62-DBEF-43A2-869E-B70A8B0257BA}.Ad-Hoc|Any CPU.ActiveCfg = Ad-Hoc|iPhone
		{BBAB8C62-DBEF-43A2-869E-B70A8B0257BA}.Ad-Hoc|Any CPU.Build.0 = Ad-Hoc|iPhone
		{BBAB8C62-DBEF-43A2-869E-B70A8B0257BA}.Ad-Hoc|Any CPU.Deploy.0 = Ad-Hoc|iPhone
		{BBAB8C62-DBEF-43A2-869E-B70A8B0257BA}.Ad-Hoc|iPhone.ActiveCfg = Ad-Hoc|iPhone
		{BBAB8C62-DBEF-43A2-869E-B70A8B0257BA}.Ad-Hoc|iPhone.Build.0 = Ad-Hoc|iPhone
		{BBAB8C62-DBEF-43A2-869E-B70A8B0257BA}.Ad-Hoc|iPhone.Deploy.0 = Ad-Hoc|iPhone
		{BBAB8C62-DBEF-43A2-869E-B70A8B0257BA}.Ad-Hoc|iPhoneSimulator.ActiveCfg = Ad-Hoc|iPhoneSimulator
		{BBAB8C62-DBEF-43A2-869E-B70A8B0257BA}.Ad-Hoc|iPhoneSimulator.Build.0 = Ad-Hoc|iPhoneSimulator
		{BBAB8C62-DBEF-43A2-869E-B70A8B0257BA}.Ad-Hoc|iPhoneSimulator.Deploy.0 = Ad-Hoc|iPhoneSimulator
		{BBAB8C62-DBEF-43A2-869E-B70A8B0257BA}.AppStore|Any CPU.ActiveCfg = AppStore|iPhone
		{BBAB8C62-DBEF-43A2-869E-B70A8B0257BA}.AppStore|Any CPU.Build.0 = AppStore|iPhone
		{BBAB8C62-DBEF-43A2-869E-B70A8B0257BA}.AppStore|Any CPU.Deploy.0 = AppStore|iPhone
		{BBAB8C62-DBEF-43A2-869E-B70A8B0257BA}.AppStore|iPhone.ActiveCfg = AppStore|iPhone
		{BBAB8C62-DBEF-43A2-869E-B70A8B0257BA}.AppStore|iPhone.Build.0 = AppStore|iPhone
		{BBAB8C62-DBEF-43A2-869E-B70A8B0257BA}.AppStore|iPhone.Deploy.0 = AppStore|iPhone
		{BBAB8C62-DBEF-43A2-869E-B70A8B0257BA}.AppStore|iPhoneSimulator.ActiveCfg = AppStore|iPhoneSimulator
		{BBAB8C62-DBEF-43A2-869E-B70A8B0257BA}.AppStore|iPhoneSimulator.Build.0 = AppStore|iPhoneSimulator
		{BBAB8C62-DBEF-43A2-869E-B70A8B0257BA}.AppStore|iPhoneSimulator.Deploy.0 = AppStore|iPhoneSimulator
		{BBAB8C62-DBEF-43A2-869E-B70A8B0257BA}.Debug|Any CPU.ActiveCfg = Debug|iPhoneSimulator
		{BBAB8C62-DBEF-43A2-869E-B70A8B0257BA}.Debug|Any CPU.Build.0 = Debug|iPhoneSimulator
		{BBAB8C62-DBEF-43A2-869E-B70A8B0257BA}.Debug|Any CPU.Deploy.0 = Debug|iPhoneSimulator
		{BBAB8C62-DBEF-43A2-869E-B70A8B0257BA}.Debug|iPhone.ActiveCfg = Debug|iPhone
		{BBAB8C62-DBEF-43A2-869E-B70A8B0257BA}.Debug|iPhone.Build.0 = Debug|iPhone
		{BBAB8C62-DBEF-43A2-869E-B70A8B0257BA}.Debug|iPhone.Deploy.0 = Debug|iPhone
		{BBAB8C62-DBEF-43A2-869E-B70A8B0257BA}.Debug|iPhoneSimulator.ActiveCfg = Debug|iPhoneSimulator
		{BBAB8C62-DBEF-43A2-869E-B70A8B0257BA}.Debug|iPhoneSimulator.Build.0 = Debug|iPhoneSimulator
		{BBAB8C62-DBEF-43A2-869E-B70A8B0257BA}.Debug|iPhoneSimulator.Deploy.0 = Debug|iPhoneSimulator
		{BBAB8C62-DBEF-43A2-869E-B70A8B0257BA}.Release|Any CPU.ActiveCfg = Release|iPhone
		{BBAB8C62-DBEF-43A2-869E-B70A8B0257BA}.Release|Any CPU.Build.0 = Release|iPhone
		{BBAB8C62-DBEF-43A2-869E-B70A8B0257BA}.Release|Any CPU.Deploy.0 = Release|iPhone
		{BBAB8C62-DBEF-43A2-869E-B70A8B0257BA}.Release|iPhone.ActiveCfg = Release|iPhone
		{BBAB8C62-DBEF-43A2-869E-B70A8B0257BA}.Release|iPhone.Build.0 = Release|iPhone
		{BBAB8C62-DBEF-43A2-869E-B70A8B0257BA}.Release|iPhone.Deploy.0 = Release|iPhone
		{BBAB8C62-DBEF-43A2-869E-B70A8B0257BA}.Release|iPhoneSimulator.ActiveCfg = Release|iPhoneSimulator
		{BBAB8C62-DBEF-43A2-869E-B70A8B0257BA}.Release|iPhoneSimulator.Build.0 = Release|iPhoneSimulator
		{BBAB8C62-DBEF-43A2-869E-B70A8B0257BA}.Release|iPhoneSimulator.Deploy.0 = Release|iPhoneSimulator
		{824AB233-5947-473F-8FD6-A201F50DF8DB}.Ad-Hoc|Any CPU.ActiveCfg = Debug|Any CPU
		{824AB233-5947-473F-8FD6-A201F50DF8DB}.Ad-Hoc|Any CPU.Build.0 = Debug|Any CPU
		{824AB233-5947-473F-8FD6-A201F50DF8DB}.Ad-Hoc|Any CPU.Deploy.0 = Debug|Any CPU
		{824AB233-5947-473F-8FD6-A201F50DF8DB}.Ad-Hoc|iPhone.ActiveCfg = Debug|Any CPU
		{824AB233-5947-473F-8FD6-A201F50DF8DB}.Ad-Hoc|iPhone.Build.0 = Debug|Any CPU
		{824AB233-5947-473F-8FD6-A201F50DF8DB}.Ad-Hoc|iPhone.Deploy.0 = Debug|Any CPU
		{824AB233-5947-473F-8FD6-A201F50DF8DB}.Ad-Hoc|iPhoneSimulator.ActiveCfg = Debug|Any CPU
		{824AB233-5947-473F-8FD6-A201F50DF8DB}.Ad-Hoc|iPhoneSimulator.Build.0 = Debug|Any CPU
		{824AB233-5947-473F-8FD6-A201F50DF8DB}.Ad-Hoc|iPhoneSimulator.Deploy.0 = Debug|Any CPU
		{824AB233-5947-473F-8FD6-A201F50DF8DB}.AppStore|Any CPU.ActiveCfg = Debug|Any CPU
		{824AB233-5947-473F-8FD6-A201F50DF8DB}.AppStore|Any CPU.Build.0 = Debug|Any CPU
		{824AB233-5947-473F-8FD6-A201F50DF8DB}.AppStore|Any CPU.Deploy.0 = Debug|Any CPU
		{824AB233-5947-473F-8FD6-A201F50DF8DB}.AppStore|iPhone.ActiveCfg = Debug|Any CPU
		{824AB233-5947-473F-8FD6-A201F50DF8DB}.AppStore|iPhone.Build.0 = Debug|Any CPU
		{824AB233-5947-473F-8FD6-A201F50DF8DB}.AppStore|iPhone.Deploy.0 = Debug|Any CPU
		{824AB233-5947-473F-8FD6-A201F50DF8DB}.AppStore|iPhoneSimulator.ActiveCfg = Debug|Any CPU
		{824AB233-5947-473F-8FD6-A201F50DF8DB}.AppStore|iPhoneSimulator.Build.0 = Debug|Any CPU
		{824AB233-5947-473F-8FD6-A201F50DF8DB}.AppStore|iPhoneSimulator.Deploy.0 = Debug|Any CPU
		{824AB233-5947-473F-8FD6-A201F50DF8DB}.Debug|Any CPU.ActiveCfg = Debug|Any CPU
		{824AB233-5947-473F-8FD6-A201F50DF8DB}.Debug|Any CPU.Build.0 = Debug|Any CPU
		{824AB233-5947-473F-8FD6-A201F50DF8DB}.Debug|Any CPU.Deploy.0 = Debug|Any CPU
		{824AB233-5947-473F-8FD6-A201F50DF8DB}.Debug|iPhone.ActiveCfg = Debug|Any CPU
		{824AB233-5947-473F-8FD6-A201F50DF8DB}.Debug|iPhone.Build.0 = Debug|Any CPU
		{824AB233-5947-473F-8FD6-A201F50DF8DB}.Debug|iPhone.Deploy.0 = Debug|Any CPU
		{824AB233-5947-473F-8FD6-A201F50DF8DB}.Debug|iPhoneSimulator.ActiveCfg = Debug|Any CPU
		{824AB233-5947-473F-8FD6-A201F50DF8DB}.Debug|iPhoneSimulator.Build.0 = Debug|Any CPU
		{824AB233-5947-473F-8FD6-A201F50DF8DB}.Debug|iPhoneSimulator.Deploy.0 = Debug|Any CPU
		{824AB233-5947-473F-8FD6-A201F50DF8DB}.Release|Any CPU.ActiveCfg = Release|Any CPU
		{824AB233-5947-473F-8FD6-A201F50DF8DB}.Release|Any CPU.Build.0 = Release|Any CPU
		{824AB233-5947-473F-8FD6-A201F50DF8DB}.Release|Any CPU.Deploy.0 = Release|Any CPU
		{824AB233-5947-473F-8FD6-A201F50DF8DB}.Release|iPhone.ActiveCfg = Release|Any CPU
		{824AB233-5947-473F-8FD6-A201F50DF8DB}.Release|iPhone.Build.0 = Release|Any CPU
		{824AB233-5947-473F-8FD6-A201F50DF8DB}.Release|iPhone.Deploy.0 = Release|Any CPU
		{824AB233-5947-473F-8FD6-A201F50DF8DB}.Release|iPhoneSimulator.ActiveCfg = Release|Any CPU
		{824AB233-5947-473F-8FD6-A201F50DF8DB}.Release|iPhoneSimulator.Build.0 = Release|Any CPU
		{824AB233-5947-473F-8FD6-A201F50DF8DB}.Release|iPhoneSimulator.Deploy.0 = Release|Any CPU
	EndGlobalSection
	GlobalSection(SolutionProperties) = preSolution
		HideSolutionNode = FALSE
	EndGlobalSection
	GlobalSection(ExtensibilityGlobals) = postSolution
		SolutionGuid = {4AAF3D43-8010-4AD0-AADB-0B409431C07E}
	EndGlobalSection
EndGlobal
